
Microsoft Visual Studio Solution File, Format Version 12.00
# Visual Studio Version 16
VisualStudioVersion = 16.0.30517.126
MinimumVisualStudioVersion = 10.0.40219.1
Project("{9A19103F-16F7-4668-BE54-9A1E7A4F7556}") = "Sulu", "src\Sulu.csproj", "{2F3F4943-EBF8-4B5C-9BBA-500D96DD3EA2}"
EndProject
Project("{2150E333-8FDC-42A3-9474-1A3956D46DE8}") = "Solution Items", "Solution Items", "{D51E41F2-91D0-437B-98E2-9E5169D9EA74}"
EndProject
Global
	GlobalSection(SolutionConfigurationPlatforms) = preSolution
		Debug|Any CPU = Debug|Any CPU
		Release|Any CPU = Release|Any CPU
	EndGlobalSection
	GlobalSection(ProjectConfigurationPlatforms) = postSolution
		{2F3F4943-EBF8-4B5C-9BBA-500D96DD3EA2}.Debug|Any CPU.ActiveCfg = Debug|Any CPU
		{2F3F4943-EBF8-4B5C-9BBA-500D96DD3EA2}.Debug|Any CPU.Build.0 = Debug|Any CPU
		{2F3F4943-EBF8-4B5C-9BBA-500D96DD3EA2}.Release|Any CPU.ActiveCfg = Release|Any CPU
		{2F3F4943-EBF8-4B5C-9BBA-500D96DD3EA2}.Release|Any CPU.Build.0 = Release|Any CPU
	EndGlobalSection
	GlobalSection(SolutionProperties) = preSolution
		HideSolutionNode = FALSE
	EndGlobalSection
	GlobalSection(ExtensibilityGlobals) = postSolution
		SolutionGuid = {7A255A60-250C-438B-B123-D3DA8614F1CD}
	EndGlobalSection
EndGlobal
